Microsoft Visual Studio Solution File, Format Version 12.00
# Visual Studio Version 17
VisualStudioVersion = 17.5.2.0
MinimumVisualStudioVersion = 10.0.40219.1
Project("{FAE04EC0-301F-11D3-BF4B-00C04F79EFBC}") = "CatalogoRevistas", "CatalogoRevistas\CatalogoRevistas.csproj", "{F6569E54-24C3-8F7B-1609-530F2A8E588D}"
EndProject
Global
	GlobalSection(SolutionConfigurationPlatforms) = preSolution
		Debug|Any CPU = Debug|Any CPU
		Release|Any CPU = Release|Any CPU
	EndGlobalSection
	GlobalSection(ProjectConfigurationPlatforms) = postSolution
		{F6569E54-24C3-8F7B-1609-530F2A8E588D}.Debug|Any CPU.ActiveCfg = Debug|Any CPU
		{F6569E54-24C3-8F7B-1609-530F2A8E588D}.Debug|Any CPU.Build.0 = Debug|Any CPU
		{F6569E54-24C3-8F7B-1609-530F2A8E588D}.Release|Any CPU.ActiveCfg = Release|Any CPU
		{F6569E54-24C3-8F7B-1609-530F2A8E588D}.Release|Any CPU.Build.0 = Release|Any CPU
	EndGlobalSection
	GlobalSection(SolutionProperties) = preSolution
		HideSolutionNode = FALSE
	EndGlobalSection
	GlobalSection(ExtensibilityGlobals) = postSolution
		SolutionGuid = {860CDD79-8206-4B36-A5AA-18A053442A21}
	EndGlobalSection
EndGlobal
